{
  "name": "agent-database-cli",
  "version": "0.2.16",
  "lockfileVersion": 3,
  "requires": true,
  "packages": {
    "": {
      "name": "agent-database-cli",
      "version": "0.2.16",
      "bin": {
        "agent-database-cli": "bin/agent-database-cli.js"
      },
      "engines": {
        "node": ">=20"
      },
      "optionalDependencies": {
        "@agent-database-cli/darwin-arm64": "0.2.16",
        "@agent-database-cli/darwin-x64": "0.2.16",
        "@agent-database-cli/linux-arm64": "0.2.16",
        "@agent-database-cli/linux-x64": "0.2.16",
        "@agent-database-cli/win32-x64": "0.2.16"
      }
    },
    "node_modules/@agent-database-cli/darwin-arm64": {
      "optional": true
    },
    "node_modules/@agent-database-cli/darwin-x64": {
      "optional": true
    },
    "node_modules/@agent-database-cli/linux-arm64": {
      "optional": true
    },
    "node_modules/@agent-database-cli/linux-x64": {
      "optional": true
    },
    "node_modules/@agent-database-cli/win32-x64": {
      "optional": true
    }
  }
}
